
Microsoft Visual Studio Solution File, Format Version 12.00
# Visual Studio 14
VisualStudioVersion = 14.0.23107.0
MinimumVisualStudioVersion = 10.0.40219.1
Project("{FAE04EC0-301F-11D3-BF4B-00C04F79EFBC}") = "SimpleRestServer", "SimpleRestServer\SimpleRestServer.csproj", "{72409E9B-2C7F-4F55-B711-E90726A8826F}"
EndProject
Project("{FAE04EC0-301F-11D3-BF4B-00C04F79EFBC}") = "SimpleRestServer.Tests", "SimpleRestServer.Tests\SimpleRestServer.Tests.csproj", "{61719A4E-2DD4-4733-AD4D-116B973C5D99}"
EndProject
Project("{FAE04EC0-301F-11D3-BF4B-00C04F79EFBC}") = "SampleApp", "SampleApp\SampleApp.csproj", "{B82EAF01-44E3-4E11-818C-22E31C531C0B}"
EndProject
Project("{FAE04EC0-301F-11D3-BF4B-00C04F79EFBC}") = "SampleApp.BackgroundService", "SampleApp.BackgroundService\SampleApp.BackgroundService.csproj", "{1D8F6BB7-428B-477A-A830-A634753E448B}"
EndProject
Global
	GlobalSection(SolutionConfigurationPlatforms) = preSolution
		Debug|Any CPU = Debug|Any CPU
		Debug|ARM = Debug|ARM
		Debug|x64 = Debug|x64
		Debug|x86 = Debug|x86
		Release|Any CPU = Release|Any CPU
		Release|ARM = Release|ARM
		Release|x64 = Release|x64
		Release|x86 = Release|x86
	EndGlobalSection
	GlobalSection(ProjectConfigurationPlatforms) = postSolution
		{72409E9B-2C7F-4F55-B711-E90726A8826F}.Debug|Any CPU.ActiveCfg = Debug|Any CPU
		{72409E9B-2C7F-4F55-B711-E90726A8826F}.Debug|Any CPU.Build.0 = Debug|Any CPU
		{72409E9B-2C7F-4F55-B711-E90726A8826F}.Debug|ARM.ActiveCfg = Debug|ARM
		{72409E9B-2C7F-4F55-B711-E90726A8826F}.Debug|ARM.Build.0 = Debug|ARM
		{72409E9B-2C7F-4F55-B711-E90726A8826F}.Debug|x64.ActiveCfg = Debug|x64
		{72409E9B-2C7F-4F55-B711-E90726A8826F}.Debug|x64.Build.0 = Debug|x64
		{72409E9B-2C7F-4F55-B711-E90726A8826F}.Debug|x86.ActiveCfg = Debug|x86
		{72409E9B-2C7F-4F55-B711-E90726A8826F}.Debug|x86.Build.0 = Debug|x86
		{72409E9B-2C7F-4F55-B711-E90726A8826F}.Release|Any CPU.ActiveCfg = Release|Any CPU
		{72409E9B-2C7F-4F55-B711-E90726A8826F}.Release|Any CPU.Build.0 = Release|Any CPU
		{72409E9B-2C7F-4F55-B711-E90726A8826F}.Release|ARM.ActiveCfg = Release|ARM
		{72409E9B-2C7F-4F55-B711-E90726A8826F}.Release|ARM.Build.0 = Release|ARM
		{72409E9B-2C7F-4F55-B711-E90726A8826F}.Release|x64.ActiveCfg = Release|x64
		{72409E9B-2C7F-4F55-B711-E90726A8826F}.Release|x64.Build.0 = Release|x64
		{72409E9B-2C7F-4F55-B711-E90726A8826F}.Release|x86.ActiveCfg = Release|x86
		{72409E9B-2C7F-4F55-B711-E90726A8826F}.Release|x86.Build.0 = Release|x86
		{61719A4E-2DD4-4733-AD4D-116B973C5D99}.Debug|Any CPU.ActiveCfg = Debug|x86
		{61719A4E-2DD4-4733-AD4D-116B973C5D99}.Debug|ARM.ActiveCfg = Debug|ARM
		{61719A4E-2DD4-4733-AD4D-116B973C5D99}.Debug|ARM.Build.0 = Debug|ARM
		{61719A4E-2DD4-4733-AD4D-116B973C5D99}.Debug|ARM.Deploy.0 = Debug|ARM
		{61719A4E-2DD4-4733-AD4D-116B973C5D99}.Debug|x64.ActiveCfg = Debug|x64
		{61719A4E-2DD4-4733-AD4D-116B973C5D99}.Debug|x64.Build.0 = Debug|x64
		{61719A4E-2DD4-4733-AD4D-116B973C5D99}.Debug|x64.Deploy.0 = Debug|x64
		{61719A4E-2DD4-4733-AD4D-116B973C5D99}.Debug|x86.ActiveCfg = Debug|x86
		{61719A4E-2DD4-4733-AD4D-116B973C5D99}.Debug|x86.Build.0 = Debug|x86
		{61719A4E-2DD4-4733-AD4D-116B973C5D99}.Debug|x86.Deploy.0 = Debug|x86
		{61719A4E-2DD4-4733-AD4D-116B973C5D99}.Release|Any CPU.ActiveCfg = Release|x86
		{61719A4E-2DD4-4733-AD4D-116B973C5D99}.Release|ARM.ActiveCfg = Release|ARM
		{61719A4E-2DD4-4733-AD4D-116B973C5D99}.Release|ARM.Build.0 = Release|ARM
		{61719A4E-2DD4-4733-AD4D-116B973C5D99}.Release|ARM.Deploy.0 = Release|ARM
		{61719A4E-2DD4-4733-AD4D-116B973C5D99}.Release|x64.ActiveCfg = Release|x64
		{61719A4E-2DD4-4733-AD4D-116B973C5D99}.Release|x64.Build.0 = Release|x64
		{61719A4E-2DD4-4733-AD4D-116B973C5D99}.Release|x64.Deploy.0 = Release|x64
		{61719A4E-2DD4-4733-AD4D-116B973C5D99}.Release|x86.ActiveCfg = Release|x86
		{61719A4E-2DD4-4733-AD4D-116B973C5D99}.Release|x86.Build.0 = Release|x86
		{61719A4E-2DD4-4733-AD4D-116B973C5D99}.Release|x86.Deploy.0 = Release|x86
		{B82EAF01-44E3-4E11-818C-22E31C531C0B}.Debug|Any CPU.ActiveCfg = Debug|x86
		{B82EAF01-44E3-4E11-818C-22E31C531C0B}.Debug|ARM.ActiveCfg = Debug|ARM
		{B82EAF01-44E3-4E11-818C-22E31C531C0B}.Debug|ARM.Build.0 = Debug|ARM
		{B82EAF01-44E3-4E11-818C-22E31C531C0B}.Debug|ARM.Deploy.0 = Debug|ARM
		{B82EAF01-44E3-4E11-818C-22E31C531C0B}.Debug|x64.ActiveCfg = Debug|x64
		{B82EAF01-44E3-4E11-818C-22E31C531C0B}.Debug|x64.Build.0 = Debug|x64
		{B82EAF01-44E3-4E11-818C-22E31C531C0B}.Debug|x64.Deploy.0 = Debug|x64
		{B82EAF01-44E3-4E11-818C-22E31C531C0B}.Debug|x86.ActiveCfg = Debug|x86
		{B82EAF01-44E3-4E11-818C-22E31C531C0B}.Debug|x86.Build.0 = Debug|x86
		{B82EAF01-44E3-4E11-818C-22E31C531C0B}.Debug|x86.Deploy.0 = Debug|x86
		{B82EAF01-44E3-4E11-818C-22E31C531C0B}.Release|Any CPU.ActiveCfg = Release|x86
		{B82EAF01-44E3-4E11-818C-22E31C531C0B}.Release|ARM.ActiveCfg = Release|ARM
		{B82EAF01-44E3-4E11-818C-22E31C531C0B}.Release|ARM.Build.0 = Release|ARM
		{B82EAF01-44E3-4E11-818C-22E31C531C0B}.Release|ARM.Deploy.0 = Release|ARM
		{B82EAF01-44E3-4E11-818C-22E31C531C0B}.Release|x64.ActiveCfg = Release|x64
		{B82EAF01-44E3-4E11-818C-22E31C531C0B}.Release|x64.Build.0 = Release|x64
		{B82EAF01-44E3-4E11-818C-22E31C531C0B}.Release|x64.Deploy.0 = Release|x64
		{B82EAF01-44E3-4E11-818C-22E31C531C0B}.Release|x86.ActiveCfg = Release|x86
		{B82EAF01-44E3-4E11-818C-22E31C531C0B}.Release|x86.Build.0 = Release|x86
		{B82EAF01-44E3-4E11-818C-22E31C531C0B}.Release|x86.Deploy.0 = Release|x86
		{1D8F6BB7-428B-477A-A830-A634753E448B}.Debug|Any CPU.ActiveCfg = Debug|Any CPU
		{1D8F6BB7-428B-477A-A830-A634753E448B}.Debug|Any CPU.Build.0 = Debug|Any CPU
		{1D8F6BB7-428B-477A-A830-A634753E448B}.Debug|ARM.ActiveCfg = Debug|ARM
		{1D8F6BB7-428B-477A-A830-A634753E448B}.Debug|ARM.Build.0 = Debug|ARM
		{1D8F6BB7-428B-477A-A830-A634753E448B}.Debug|x64.ActiveCfg = Debug|x64
		{1D8F6BB7-428B-477A-A830-A634753E448B}.Debug|x64.Build.0 = Debug|x64
		{1D8F6BB7-428B-477A-A830-A634753E448B}.Debug|x86.ActiveCfg = Debug|x86
		{1D8F6BB7-428B-477A-A830-A634753E448B}.Debug|x86.Build.0 = Debug|x86
		{1D8F6BB7-428B-477A-A830-A634753E448B}.Release|Any CPU.ActiveCfg = Release|Any CPU
		{1D8F6BB7-428B-477A-A830-A634753E448B}.Release|Any CPU.Build.0 = Release|Any CPU
		{1D8F6BB7-428B-477A-A830-A634753E448B}.Release|ARM.ActiveCfg = Release|ARM
		{1D8F6BB7-428B-477A-A830-A634753E448B}.Release|ARM.Build.0 = Release|ARM
		{1D8F6BB7-428B-477A-A830-A634753E448B}.Release|x64.ActiveCfg = Release|x64
		{1D8F6BB7-428B-477A-A830-A634753E448B}.Release|x64.Build.0 = Release|x64
		{1D8F6BB7-428B-477A-A830-A634753E448B}.Release|x86.ActiveCfg = Release|x86
		{1D8F6BB7-428B-477A-A830-A634753E448B}.Release|x86.Build.0 = Release|x86
	EndGlobalSection
	GlobalSection(SolutionProperties) = preSolution
		HideSolutionNode = FALSE
	EndGlobalSection
EndGlobal
